gortc.io/stun v1.21.0 h1:hFUdDaQAlnRcrPcUhwPkV+XJWrY1shDjAPG4f8vu5Hw=
gortc.io/stun v1.21.0/go.mod h1:XD5lpONVyjvV3BgOyJFNo0iv6R2oZB4L+weMqxts+zg=
gortc.io/stun v1.21.1 h1:r7t/G5MIBWjsKbs7CTXK4DWjuaaJhuWYTbcL0xMlF9U=
gortc.io/stun v1.21.1/go.mod h1:XD5lpONVyjvV3BgOyJFNo0iv6R2oZB4L+weMqxts+zg=
gortc.io/stun v1.22.1 h1:96mOdDATYRqhYB+TZdenWBg4CzL2Ye5kPyBXQ8KAB+8=
gortc.io/stun v1.22.1/go.mod h1:XD5lpONVyjvV3BgOyJFNo0iv6R2oZB4L+weMqxts+zg=
gortc.io/stun v1.22.2 h1:pDsirGr1eAX0qU4UsnI/DGtyOy38cTZgcX5Iamn/kSk=
gortc.io/stun v1.22.2/go.mod h1:XD5lpONVyjvV3BgOyJFNo0iv6R2oZB4L+weMqxts+zg=
